
Microsoft Visual Studio Solution File, Format Version 12.00
# Visual Studio 2015
Project("{FAE04EC0-301F-11D3-BF4B-00C04F79EFBC}") = "Dogs-No-Recoil", "Dogs-No-Recoil.csproj", "{43EA8060-634A-22BD-904B-CEB1D22F3EDD}"
EndProject
Global
	GlobalSection(SolutionConfigurationPlatforms) = preSolution
		Debug|Any CPU = Debug|Any CPU
		Release|Any CPU = Release|Any CPU
	EndGlobalSection
	GlobalSection(ProjectConfigurationPlatforms) = postSolution
		{43EA8060-634A-22BD-904B-CEB1D22F3EDD}.Debug|Any CPU.ActiveCfg = Debug|Any CPU
		{43EA8060-634A-22BD-904B-CEB1D22F3EDD}.Debug|Any CPU.Build.0 = Debug|Any CPU
		{43EA8060-634A-22BD-904B-CEB1D22F3EDD}.Release|Any CPU.ActiveCfg = Release|Any CPU
		{43EA8060-634A-22BD-904B-CEB1D22F3EDD}.Release|Any CPU.Build.0 = Release|Any CPU
	EndGlobalSection
	GlobalSection(SolutionProperties) = preSolution
		HideSolutionNode = FALSE
	EndGlobalSection
EndGlobal
