
Microsoft Visual Studio Solution File, Format Version 11.00
# Visual Studio 2010
Project("{FAE04EC0-301F-11D3-BF4B-00C04F79EFBC}") = "Dogs No Recoil", "Assembly-CSharp.csproj", "{BBF915C1-0E29-A486-364E-BEF570C767AD}"
EndProject
Global
	GlobalSection(SolutionConfigurationPlatforms) = preSolution
		Debug|Any CPU = Debug|Any CPU
		Release|Any CPU = Release|Any CPU
	EndGlobalSection
	GlobalSection(ProjectConfigurationPlatforms) = postSolution
		{BBF915C1-0E29-A486-364E-BEF570C767AD}.Debug|Any CPU.ActiveCfg = Debug|Any CPU
		{BBF915C1-0E29-A486-364E-BEF570C767AD}.Debug|Any CPU.Build.0 = Debug|Any CPU
		{BBF915C1-0E29-A486-364E-BEF570C767AD}.Release|Any CPU.ActiveCfg = Release|Any CPU
		{BBF915C1-0E29-A486-364E-BEF570C767AD}.Release|Any CPU.Build.0 = Release|Any CPU
	EndGlobalSection
	GlobalSection(SolutionProperties) = preSolution
		HideSolutionNode = FALSE
	EndGlobalSection
	GlobalSection(MonoDevelopProperties) = preSolution
		StartupItem = Assembly-CSharp.csproj
	EndGlobalSection
EndGlobal
